
Microsoft Visual Studio Solution File, Format Version 12.00
# Visual Studio 14
VisualStudioVersion = 14.0.23107.0
MinimumVisualStudioVersion = 10.0.40219.1
Project("{FAE04EC0-301F-11D3-BF4B-00C04F79EFBC}") = "Balance", "Balance\Balance.csproj", "{A934CA13-A36B-4FE0-9A09-04B8149099C8}"
EndProject
Project("{FAE04EC0-301F-11D3-BF4B-00C04F79EFBC}") = "Entities", "Entities\Entities.csproj", "{49C11C4F-CE86-4C0F-BC7B-B68D690CDA25}"
EndProject
Project("{FAE04EC0-301F-11D3-BF4B-00C04F79EFBC}") = "MongoDB", "MongoDB\MongoDB.csproj", "{B5A5959A-1997-45C3-9376-11E11F74AB5B}"
EndProject
Project("{FAE04EC0-301F-11D3-BF4B-00C04F79EFBC}") = "RepositoryAbstraction", "RepositoryAbstraction\RepositoryAbstraction.csproj", "{5EBEEC06-8808-4B0E-BB39-FB39D9944F81}"
EndProject
Project("{FAE04EC0-301F-11D3-BF4B-00C04F79EFBC}") = "MVCModels", "MVCModels\MVCModels.csproj", "{D0D4C17E-E94A-4639-A7E7-9BEE51C68F0C}"
EndProject
Project("{FAE04EC0-301F-11D3-BF4B-00C04F79EFBC}") = "ModelAbstractions", "ModelAbstractions\ModelAbstractions.csproj", "{8158CB35-EA38-4E55-BA8A-56867C063CF6}"
EndProject
Project("{FAE04EC0-301F-11D3-BF4B-00C04F79EFBC}") = "Converter", "Converter\Converter.csproj", "{9AEDB7E8-D2CD-4779-9DC8-6C9A549DCF41}"
EndProject
Global
	GlobalSection(SolutionConfigurationPlatforms) = preSolution
		Debug|Any CPU = Debug|Any CPU
		Release|Any CPU = Release|Any CPU
	EndGlobalSection
	GlobalSection(ProjectConfigurationPlatforms) = postSolution
		{A934CA13-A36B-4FE0-9A09-04B8149099C8}.Debug|Any CPU.ActiveCfg = Debug|Any CPU
		{A934CA13-A36B-4FE0-9A09-04B8149099C8}.Debug|Any CPU.Build.0 = Debug|Any CPU
		{A934CA13-A36B-4FE0-9A09-04B8149099C8}.Release|Any CPU.ActiveCfg = Release|Any CPU
		{A934CA13-A36B-4FE0-9A09-04B8149099C8}.Release|Any CPU.Build.0 = Release|Any CPU
		{49C11C4F-CE86-4C0F-BC7B-B68D690CDA25}.Debug|Any CPU.ActiveCfg = Debug|Any CPU
		{49C11C4F-CE86-4C0F-BC7B-B68D690CDA25}.Debug|Any CPU.Build.0 = Debug|Any CPU
		{49C11C4F-CE86-4C0F-BC7B-B68D690CDA25}.Release|Any CPU.ActiveCfg = Release|Any CPU
		{49C11C4F-CE86-4C0F-BC7B-B68D690CDA25}.Release|Any CPU.Build.0 = Release|Any CPU
		{B5A5959A-1997-45C3-9376-11E11F74AB5B}.Debug|Any CPU.ActiveCfg = Debug|Any CPU
		{B5A5959A-1997-45C3-9376-11E11F74AB5B}.Debug|Any CPU.Build.0 = Debug|Any CPU
		{B5A5959A-1997-45C3-9376-11E11F74AB5B}.Release|Any CPU.ActiveCfg = Release|Any CPU
		{B5A5959A-1997-45C3-9376-11E11F74AB5B}.Release|Any CPU.Build.0 = Release|Any CPU
		{5EBEEC06-8808-4B0E-BB39-FB39D9944F81}.Debug|Any CPU.ActiveCfg = Debug|Any CPU
		{5EBEEC06-8808-4B0E-BB39-FB39D9944F81}.Debug|Any CPU.Build.0 = Debug|Any CPU
		{5EBEEC06-8808-4B0E-BB39-FB39D9944F81}.Release|Any CPU.ActiveCfg = Release|Any CPU
		{5EBEEC06-8808-4B0E-BB39-FB39D9944F81}.Release|Any CPU.Build.0 = Release|Any CPU
		{D0D4C17E-E94A-4639-A7E7-9BEE51C68F0C}.Debug|Any CPU.ActiveCfg = Debug|Any CPU
		{D0D4C17E-E94A-4639-A7E7-9BEE51C68F0C}.Debug|Any CPU.Build.0 = Debug|Any CPU
		{D0D4C17E-E94A-4639-A7E7-9BEE51C68F0C}.Release|Any CPU.ActiveCfg = Release|Any CPU
		{D0D4C17E-E94A-4639-A7E7-9BEE51C68F0C}.Release|Any CPU.Build.0 = Release|Any CPU
		{8158CB35-EA38-4E55-BA8A-56867C063CF6}.Debug|Any CPU.ActiveCfg = Debug|Any CPU
		{8158CB35-EA38-4E55-BA8A-56867C063CF6}.Debug|Any CPU.Build.0 = Debug|Any CPU
		{8158CB35-EA38-4E55-BA8A-56867C063CF6}.Release|Any CPU.ActiveCfg = Release|Any CPU
		{8158CB35-EA38-4E55-BA8A-56867C063CF6}.Release|Any CPU.Build.0 = Release|Any CPU
		{9AEDB7E8-D2CD-4779-9DC8-6C9A549DCF41}.Debug|Any CPU.ActiveCfg = Debug|Any CPU
		{9AEDB7E8-D2CD-4779-9DC8-6C9A549DCF41}.Debug|Any CPU.Build.0 = Debug|Any CPU
		{9AEDB7E8-D2CD-4779-9DC8-6C9A549DCF41}.Release|Any CPU.ActiveCfg = Release|Any CPU
		{9AEDB7E8-D2CD-4779-9DC8-6C9A549DCF41}.Release|Any CPU.Build.0 = Release|Any CPU
	EndGlobalSection
	GlobalSection(SolutionProperties) = preSolution
		HideSolutionNode = FALSE
	EndGlobalSection
EndGlobal
